# THIS IS AN AUTOGENERATED FILE. DO NOT EDIT THIS FILE DIRECTLY.
# yarn lockfile v1


junk-bucket@^1.6.0:
  version "1.6.0"
  resolved "https://registry.yarnpkg.com/junk-bucket/-/junk-bucket-1.6.0.tgz#13146e8d0f264ffad1fe8b913fa68656dd6e069f"
  integrity sha512-DegKW0GmRc35IjZrl0zMT/olZ96sJOzVkO6Bv62B2k4YlAoYanu551maufMAAGg1KCggDKlw6LoA3EZdc6QEYw==
